// !$*UTF8*$!
{
	archiveVersion = 1;
	classes = {
	};
	objectVersion = 50;
	objects = {

/* Begin PBXBuildFile section */
		2814E12F217A344200B44C5D /* AppDelegate.swift in Sources */ = {isa = PBXBuildFile; fileRef = 2814E12E217A344200B44C5D /* AppDelegate.swift */; };
		2814E131217A344200B44C5D /* ViewController.swift in Sources */ = {isa = PBXBuildFile; fileRef = 2814E130217A344200B44C5D /* ViewController.swift */; };
		2814E134217A344200B44C5D /* Main.storyboard in Resources */ = {isa = PBXBuildFile; fileRef = 2814E132217A344200B44C5D /* Main.storyboard */; };
		2814E136217A344600B44C5D /* Assets.xcassets in Resources */ = {isa = PBXBuildFile; fileRef = 2814E135217A344600B44C5D /* Assets.xcassets */; };
		2814E139217A344600B44C5D /* LaunchScreen.storyboard in Resources */ = {isa = PBXBuildFile; fileRef = 2814E137217A344600B44C5D /* LaunchScreen.storyboard */; };
		2814E142217A349500B44C5D /* Utility.swift in Sources */ = {isa = PBXBuildFile; fileRef = 2814E141217A349500B44C5D /* Utility.swift */; };
		2814E144217A34A300B44C5D /* AppLocalization.swift in Sources */ = {isa = PBXBuildFile; fileRef = 2814E143217A34A300B44C5D /* AppLocalization.swift */; };
		2814E14B217A358900B44C5D /* Localizable.strings in Resources */ = {isa = PBXBuildFile; fileRef = 2814E14D217A358900B44C5D /* Localizable.strings */; };
/* End PBXBuildFile section */

/* Begin PBXFileReference section */
		2814E12B217A344200B44C5D /* Localisation.app */ = {isa = PBXFileReference; explicitFileType = wrapper.application; includeInIndex = 0; path = Localisation.app; sourceTree = BUILT_PRODUCTS_DIR; };
		2814E12E217A344200B44C5D /* AppDelegate.swift */ = {isa = PBXFileReference; lastKnownFileType = sourcecode.swift; path = AppDelegate.swift; sourceTree = "<group>"; };
		2814E130217A344200B44C5D /* ViewController.swift */ = {isa = PBXFileReference; lastKnownFileType = sourcecode.swift; path = ViewController.swift; sourceTree = "<group>"; };
		2814E133217A344200B44C5D /* Base */ = {isa = PBXFileReference; lastKnownFileType = file.storyboard; name = Base; path = Base.lproj/Main.storyboard; sourceTree = "<group>"; };
		2814E135217A344600B44C5D /* Assets.xcassets */ = {isa = PBXFileReference; lastKnownFileType = folder.assetcatalog; path = Assets.xcassets; sourceTree = "<group>"; };
		2814E138217A344600B44C5D /* Base */ = {isa = PBXFileReference; lastKnownFileType = file.storyboard; name = Base; path = Base.lproj/LaunchScreen.storyboard; sourceTree = "<group>"; };
		2814E13A217A344600B44C5D /* Info.plist */ = {isa = PBXFileReference; lastKnownFileType = text.plist.xml; path = Info.plist; sourceTree = "<group>"; };
		2814E141217A349500B44C5D /* Utility.swift */ = {isa = PBXFileReference; lastKnownFileType = sourcecode.swift; path = Utility.swift; sourceTree = "<group>"; };
		2814E143217A34A300B44C5D /* AppLocalization.swift */ = {isa = PBXFileReference; lastKnownFileType = sourcecode.swift; path = AppLocalization.swift; sourceTree = "<group>"; };
		2814E14C217A358900B44C5D /* en */ = {isa = PBXFileReference; lastKnownFileType = text.plist.strings; name = en; path = en.lproj/Localizable.strings; sourceTree = "<group>"; };
		2814E14E217A358B00B44C5D /* fr */ = {isa = PBXFileReference; lastKnownFileType = text.plist.strings; name = fr; path = fr.lproj/Localizable.strings; sourceTree = "<group>"; };
		2814E14F217A358E00B44C5D /* ar */ = {isa = PBXFileReference; lastKnownFileType = text.plist.strings; name = ar; path = ar.lproj/Localizable.strings; sourceTree = "<group>"; };
/* End PBXFileReference section */

/* Begin PBXFrameworksBuildPhase section */
		2814E128217A344200B44C5D /* Frameworks */ = {
			isa = PBXFrameworksBuildPhase;
			buildActionMask = 2147483647;
			files = (
			);
			runOnlyForDeploymentPostprocessing = 0;
		};
/* End PBXFrameworksBuildPhase section */

/* Begin PBXGroup section */
		2814E122217A344200B44C5D = {
			isa = PBXGroup;
			children = (
				2814E12D217A344200B44C5D /* Localisation */,
				2814E12C217A344200B44C5D /* Products */,
			);
			sourceTree = "<group>";
		};
		2814E12C217A344200B44C5D /* Products */ = {
			isa = PBXGroup;
			children = (
				2814E12B217A344200B44C5D /* Localisation.app */,
			);
			name = Products;
			sourceTree = "<group>";
		};
		2814E12D217A344200B44C5D /* Localisation */ = {
			isa = PBXGroup;
			children = (
				2814E140217A348A00B44C5D /* Utility */,
				2814E12E217A344200B44C5D /* AppDelegate.swift */,
				2814E130217A344200B44C5D /* ViewController.swift */,
				2814E132217A344200B44C5D /* Main.storyboard */,
				2814E135217A344600B44C5D /* Assets.xcassets */,
				2814E137217A344600B44C5D /* LaunchScreen.storyboard */,
				2814E13A217A344600B44C5D /* Info.plist */,
				2814E14D217A358900B44C5D /* Localizable.strings */,
			);
			path = Localisation;
			sourceTree = "<group>";
		};
		2814E140217A348A00B44C5D /* Utility */ = {
			isa = PBXGroup;
			children = (
				2814E141217A349500B44C5D /* Utility.swift */,
				2814E143217A34A300B44C5D /* AppLocalization.swift */,
			);
			path = Utility;
			sourceTree = "<group>";
		};
/* End PBXGroup section */

/* Begin PBXNativeTarget section */
		2814E12A217A344200B44C5D /* Localisation */ = {
			isa = PBXNativeTarget;
			buildConfigurationList = 2814E13D217A344600B44C5D /* Build configuration list for PBXNativeTarget "Localisation" */;
			buildPhases = (
				2814E127217A344200B44C5D /* Sources */,
				2814E128217A344200B44C5D /* Frameworks */,
				2814E129217A344200B44C5D /* Resources */,
			);
			buildRules = (
			);
			dependencies = (
			);
			name = Localisation;
			productName = Localisation;
			productReference = 2814E12B217A344200B44C5D /* Localisation.app */;
			productType = "com.apple.product-type.application";
		};
/* End PBXNativeTarget section */

/* Begin PBXProject section */
		2814E123217A344200B44C5D /* Project object */ = {
			isa = PBXProject;
			attributes = {
				LastSwiftUpdateCheck = 0940;
				LastUpgradeCheck = 0940;
				ORGANIZATIONNAME = "Pankaj Gondaliya";
				TargetAttributes = {
					2814E12A217A344200B44C5D = {
						CreatedOnToolsVersion = 9.4;
					};
				};
			};
			buildConfigurationList = 2814E126217A344200B44C5D /* Build configuration list for PBXProject "Localisation" */;
			compatibilityVersion = "Xcode 9.3";
			developmentRegion = en;
			hasScannedForEncodings = 0;
			knownRegions = (
				en,
				Base,
				fr,
				ar,
			);
			mainGroup = 2814E122217A344200B44C5D;
			productRefGroup = 2814E12C217A344200B44C5D /* Products */;
			projectDirPath = "";
			projectRoot = "";
			targets = (
				2814E12A217A344200B44C5D /* Localisation */,
			);
		};
/* End PBXProject section */

/* Begin PBXResourcesBuildPhase section */
		2814E129217A344200B44C5D /* Resources */ = {
			isa = PBXResourcesBuildPhase;
			buildActionMask = 2147483647;
			files = (
				2814E139217A344600B44C5D /* LaunchScreen.storyboard in Resources */,
				2814E14B217A358900B44C5D /* Localizable.strings in Resources */,
				2814E136217A344600B44C5D /* Assets.xcassets in Resources */,
				2814E134217A344200B44C5D /* Main.storyboard in Resources */,
			);
			runOnlyForDeploymentPostprocessing = 0;
		};
/* End PBXResourcesBuildPhase section */

/* Begin PBXSourcesBuildPhase section */
		2814E127217A344200B44C5D /* Sources */ = {
			isa = PBXSourcesBuildPhase;
			buildActionMask = 2147483647;
			files = (
				2814E131217A344200B44C5D /* ViewController.swift in Sources */,
				2814E12F217A344200B44C5D /* AppDelegate.swift in Sources */,
				2814E144217A34A300B44C5D /* AppLocalization.swift in Sources */,
				2814E142217A349500B44C5D /* Utility.swift in Sources */,
			);
			runOnlyForDeploymentPostprocessing = 0;
		};
/* End PBXSourcesBuildPhase section */

/* Begin PBXVariantGroup section */
		2814E132217A344200B44C5D /* Main.storyboard */ = {
			isa = PBXVariantGroup;
			children = (
				2814E133217A344200B44C5D /* Base */,
			);
			name = Main.storyboard;
			sourceTree = "<group>";
		};
		2814E137217A344600B44C5D /* LaunchScreen.storyboard */ = {
			isa = PBXVariantGroup;
			children = (
				2814E138217A344600B44C5D /* Base */,
			);
			name = LaunchScreen.storyboard;
			sourceTree = "<group>";
		};
		2814E14D217A358900B44C5D /* Localizable.strings */ = {
			isa = PBXVariantGroup;
			children = (
				2814E14C217A358900B44C5D /* en */,
				2814E14E217A358B00B44C5D /* fr */,
				2814E14F217A358E00B44C5D /* ar */,
			);
			name = Localizable.strings;
			sourceTree = "<group>";
		};
/* End PBXVariantGroup section */

/* Begin XCBuildConfiguration section */
		2814E13B217A344600B44C5D /* Debug */ = {
			isa = XCBuildConfiguration;
			buildSettings = {
				ALWAYS_SEARCH_USER_PATHS = NO;
				CLANG_ANALYZER_LOCALIZABILITY_NONLOCALIZED = YES;
				CLANG_ANALYZER_NONNULL = YES;
				CLANG_ANALYZER_NUMBER_OBJECT_CONVERSION = YES_AGGRESSIVE;
				CLANG_CXX_LANGUAGE_STANDARD = "gnu++14";
				CLANG_CXX_LIBRARY = "libc++";
				CLANG_ENABLE_MODULES = YES;
				CLANG_ENABLE_OBJC_ARC = YES;
				CLANG_ENABLE_OBJC_WEAK = YES;
				CLANG_WARN_BLOCK_CAPTURE_AUTORELEASING = YES;
				CLANG_WARN_BOOL_CONVERSION = YES;
				CLANG_WARN_COMMA = YES;
				CLANG_WARN_CONSTANT_CONVERSION = YES;
				CLANG_WARN_DEPRECATED_OBJC_IMPLEMENTATIONS = YES;
				CLANG_WARN_DIRECT_OBJC_ISA_USAGE = YES_ERROR;
				CLANG_WARN_DOCUMENTATION_COMMENTS = YES;
				CLANG_WARN_EMPTY_BODY = YES;
				CLANG_WARN_ENUM_CONVERSION = YES;
				CLANG_WARN_INFINITE_RECURSION = YES;
				CLANG_WARN_INT_CONVERSION = YES;
				CLANG_WARN_NON_LITERAL_NULL_CONVERSION = YES;
				CLANG_WARN_OBJC_IMPLICIT_RETAIN_SELF = YES;
				CLANG_WARN_OBJC_LITERAL_CONVERSION = YES;
				CLANG_WARN_OBJC_ROOT_CLASS = YES_ERROR;
				CLANG_WARN_RANGE_LOOP_ANALYSIS = YES;
				CLANG_WARN_STRICT_PROTOTYPES = YES;
				CLANG_WARN_SUSPICIOUS_MOVE = YES;
				CLANG_WARN_UNGUARDED_AVAILABILITY = YES_AGGRESSIVE;
				CLANG_WARN_UNREACHABLE_CODE = YES;
				CLANG_WARN__DUPLICATE_METHOD_MATCH = YES;
				CODE_SIGN_IDENTITY = "iPhone Developer";
				COPY_PHASE_STRIP = NO;
				DEBUG_INFORMATION_FORMAT = dwarf;
				ENABLE_STRICT_OBJC_MSGSEND = YES;
				ENABLE_TESTABILITY = YES;
				GCC_C_LANGUAGE_STANDARD = gnu11;
				GCC_DYNAMIC_NO_PIC = NO;
				GCC_NO_COMMON_BLOCKS = YES;
				GCC_OPTIMIZATION_LEVEL = 0;
				GCC_PREPROCESSOR_DEFINITIONS = (
					"DEBUG=1",
					"$(inherited)",
				);
				GCC_WARN_64_TO_32_BIT_CONVERSION = YES;
				GCC_WARN_ABOUT_RETURN_TYPE = YES_ERROR;
				GCC_WARN_UNDECLARED_SELECTOR = YES;
				GCC_WARN_UNINITIALIZED_AUTOS = YES_AGGRESSIVE;
				GCC_WARN_UNUSED_FUNCTION = YES;
				GCC_WARN_UNUSED_VARIABLE = YES;
				IPHONEOS_DEPLOYMENT_TARGET = 11.4;
				MTL_ENABLE_DEBUG_INFO = YES;
				ONLY_ACTIVE_ARCH = YES;
				SDKROOT = iphoneos;
				SWIFT_ACTIVE_COMPILATION_CONDITIONS = DEBUG;
				SWIFT_OPTIMIZATION_LEVEL = "-Onone";
			};
			name = Debug;
		};
		2814E13C217A344600B44C5D /* Release */ = {
			isa = XCBuildConfiguration;
			buildSettings = {
				ALWAYS_SEARCH_USER_PATHS = NO;
				CLANG_ANALYZER_LOCALIZABILITY_NONLOCALIZED = YES;
				CLANG_ANALYZER_NONNULL = YES;
				CLANG_ANALYZER_NUMBER_OBJECT_CONVERSION = YES_AGGRESSIVE;
				CLANG_CXX_LANGUAGE_STANDARD = "gnu++14";
				CLANG_CXX_LIBRARY = "libc++";
				CLANG_ENABLE_MODULES = YES;
				CLANG_ENABLE_OBJC_ARC = YES;
				CLANG_ENABLE_OBJC_WEAK = YES;
				CLANG_WARN_BLOCK_CAPTURE_AUTORELEASING = YES;
				CLANG_WARN_BOOL_CONVERSION = YES;
				CLANG_WARN_COMMA = YES;
				CLANG_WARN_CONSTANT_CONVERSION = YES;
				CLANG_WARN_DEPRECATED_OBJC_IMPLEMENTATIONS = YES;
				CLANG_WARN_DIRECT_OBJC_ISA_USAGE = YES_ERROR;
				CLANG_WARN_DOCUMENTATION_COMMENTS = YES;
				CLANG_WARN_EMPTY_BODY = YES;
				CLANG_WARN_ENUM_CONVERSION = YES;
				CLANG_WARN_INFINITE_RECURSION = YES;
				CLANG_WARN_INT_CONVERSION = YES;
				CLANG_WARN_NON_LITERAL_NULL_CONVERSION = YES;
				CLANG_WARN_OBJC_IMPLICIT_RETAIN_SELF = YES;
				CLANG_WARN_OBJC_LITERAL_CONVERSION = YES;
				CLANG_WARN_OBJC_ROOT_CLASS = YES_ERROR;
				CLANG_WARN_RANGE_LOOP_ANALYSIS = YES;
				CLANG_WARN_STRICT_PROTOTYPES = YES;
				CLANG_WARN_SUSPICIOUS_MOVE = YES;
				CLANG_WARN_UNGUARDED_AVAILABILITY = YES_AGGRESSIVE;
				CLANG_WARN_UNREACHABLE_CODE = YES;
				CLANG_WARN__DUPLICATE_METHOD_MATCH = YES;
				CODE_SIGN_IDENTITY = "iPhone Developer";
				COPY_PHASE_STRIP = NO;
				DEBUG_INFORMATION_FORMAT = "dwarf-with-dsym";
				ENABLE_NS_ASSERTIONS = NO;
				ENABLE_STRICT_OBJC_MSGSEND = YES;
				GCC_C_LANGUAGE_STANDARD = gnu11;
				GCC_NO_COMMON_BLOCKS = YES;
				GCC_WARN_64_TO_32_BIT_CONVERSION = YES;
				GCC_WARN_ABOUT_RETURN_TYPE = YES_ERROR;
				GCC_WARN_UNDECLARED_SELECTOR = YES;
				GCC_WARN_UNINITIALIZED_AUTOS = YES_AGGRESSIVE;
				GCC_WARN_UNUSED_FUNCTION = YES;
				GCC_WARN_UNUSED_VARIABLE = YES;
				IPHONEOS_DEPLOYMENT_TARGET = 11.4;
				MTL_ENABLE_DEBUG_INFO = NO;
				SDKROOT = iphoneos;
				SWIFT_COMPILATION_MODE = wholemodule;
				SWIFT_OPTIMIZATION_LEVEL = "-O";
				VALIDATE_PRODUCT = YES;
			};
			name = Release;
		};
		2814E13E217A344600B44C5D /* Debug */ = {
			isa = XCBuildConfiguration;
			buildSettings = {
				ASSETCATALOG_COMPILER_APPICON_NAME = AppIcon;
				CODE_SIGN_STYLE = Automatic;
				INFOPLIST_FILE = Localisation/Info.plist;
				LD_RUNPATH_SEARCH_PATHS = (
					"$(inherited)",
					"@executable_path/Frameworks",
				);
				PRODUCT_BUNDLE_IDENTIFIER = PankajGondaliya.Localisation;
				PRODUCT_NAME = "$(TARGET_NAME)";
				SWIFT_VERSION = 4.0;
				TARGETED_DEVICE_FAMILY = "1,2";
			};
			name = Debug;
		};
		2814E13F217A344600B44C5D /* Release */ = {
			isa = XCBuildConfiguration;
			buildSettings = {
				ASSETCATALOG_COMPILER_APPICON_NAME = AppIcon;
				CODE_SIGN_STYLE = Automatic;
				INFOPLIST_FILE = Localisation/Info.plist;
				LD_RUNPATH_SEARCH_PATHS = (
					"$(inherited)",
					"@executable_path/Frameworks",
				);
				PRODUCT_BUNDLE_IDENTIFIER = PankajGondaliya.Localisation;
				PRODUCT_NAME = "$(TARGET_NAME)";
				SWIFT_VERSION = 4.0;
				TARGETED_DEVICE_FAMILY = "1,2";
			};
			name = Release;
		};
/* End XCBuildConfiguration section */

/* Begin XCConfigurationList section */
		2814E126217A344200B44C5D /* Build configuration list for PBXProject "Localisation" */ = {
			isa = XCConfigurationList;
			buildConfigurations = (
				2814E13B217A344600B44C5D /* Debug */,
				2814E13C217A344600B44C5D /* Release */,
			);
			defaultConfigurationIsVisible = 0;
			defaultConfigurationName = Release;
		};
		2814E13D217A344600B44C5D /* Build configuration list for PBXNativeTarget "Localisation" */ = {
			isa = XCConfigurationList;
			buildConfigurations = (
				2814E13E217A344600B44C5D /* Debug */,
				2814E13F217A344600B44C5D /* Release */,
			);
			defaultConfigurationIsVisible = 0;
			defaultConfigurationName = Release;
		};
/* End XCConfigurationList section */
	};
	rootObject = 2814E123217A344200B44C5D /* Project object */;
}
